
Microsoft Visual Studio Solution File, Format Version 12.00
# Visual Studio 15
VisualStudioVersion = 15.0.28307.705
MinimumVisualStudioVersion = 10.0.40219.1
Project("{FAE04EC0-301F-11D3-BF4B-00C04F79EFBC}") = "App1.Android", "App1\App1.Android\App1.Android.csproj", "{3B870F70-5D76-4995-8143-B6F1E61F9F90}"
EndProject
Project("{FAE04EC0-301F-11D3-BF4B-00C04F79EFBC}") = "App1.iOS", "App1\App1.iOS\App1.iOS.csproj", "{BB70AF32-914C-47A6-9D9D-328FD2F2B187}"
EndProject
Project("{FAE04EC0-301F-11D3-BF4B-00C04F79EFBC}") = "App1.UWP", "App1\App1.UWP\App1.UWP.csproj", "{829E8704-4BCD-437F-A6A6-7865C70DB4C4}"
EndProject
Project("{FAE04EC0-301F-11D3-BF4B-00C04F79EFBC}") = "App1", "App1\App1\App1.csproj", "{CC4C9FC6-D358-4461-A469-566EFF17017D}"
EndProject
Global
	GlobalSection(SolutionConfigurationPlatforms) = preSolution
		Ad-Hoc|Any CPU = Ad-Hoc|Any CPU
		Ad-Hoc|ARM = Ad-Hoc|ARM
		Ad-Hoc|iPhone = Ad-Hoc|iPhone
		Ad-Hoc|iPhoneSimulator = Ad-Hoc|iPhoneSimulator
		Ad-Hoc|x64 = Ad-Hoc|x64
		Ad-Hoc|x86 = Ad-Hoc|x86
		AppStore|Any CPU = AppStore|Any CPU
		AppStore|ARM = AppStore|ARM
		AppStore|iPhone = AppStore|iPhone
		AppStore|iPhoneSimulator = AppStore|iPhoneSimulator
		AppStore|x64 = AppStore|x64
		AppStore|x86 = AppStore|x86
		Debug|Any CPU = Debug|Any CPU
		Debug|ARM = Debug|ARM
		Debug|iPhone = Debug|iPhone
		Debug|iPhoneSimulator = Debug|iPhoneSimulator
		Debug|x64 = Debug|x64
		Debug|x86 = Debug|x86
		Release|Any CPU = Release|Any CPU
		Release|ARM = Release|ARM
		Release|iPhone = Release|iPhone
		Release|iPhoneSimulator = Release|iPhoneSimulator
		Release|x64 = Release|x64
		Release|x86 = Release|x86
	EndGlobalSection
	GlobalSection(ProjectConfigurationPlatforms) = postSolution
		{3B870F70-5D76-4995-8143-B6F1E61F9F90}.Ad-Hoc|Any CPU.ActiveCfg = Release|Any CPU
		{3B870F70-5D76-4995-8143-B6F1E61F9F90}.Ad-Hoc|Any CPU.Build.0 = Release|Any CPU
		{3B870F70-5D76-4995-8143-B6F1E61F9F90}.Ad-Hoc|Any CPU.Deploy.0 = Release|Any CPU
		{3B870F70-5D76-4995-8143-B6F1E61F9F90}.Ad-Hoc|ARM.ActiveCfg = Release|Any CPU
		{3B870F70-5D76-4995-8143-B6F1E61F9F90}.Ad-Hoc|ARM.Build.0 = Release|Any CPU
		{3B870F70-5D76-4995-8143-B6F1E61F9F90}.Ad-Hoc|ARM.Deploy.0 = Release|Any CPU
		{3B870F70-5D76-4995-8143-B6F1E61F9F90}.Ad-Hoc|iPhone.ActiveCfg = Release|Any CPU
		{3B870F70-5D76-4995-8143-B6F1E61F9F90}.Ad-Hoc|iPhone.Build.0 = Release|Any CPU
		{3B870F70-5D76-4995-8143-B6F1E61F9F90}.Ad-Hoc|iPhone.Deploy.0 = Release|Any CPU
		{3B870F70-5D76-4995-8143-B6F1E61F9F90}.Ad-Hoc|iPhoneSimulator.ActiveCfg = Release|Any CPU
		{3B870F70-5D76-4995-8143-B6F1E61F9F90}.Ad-Hoc|iPhoneSimulator.Build.0 = Release|Any CPU
		{3B870F70-5D76-4995-8143-B6F1E61F9F90}.Ad-Hoc|iPhoneSimulator.Deploy.0 = Release|Any CPU
		{3B870F70-5D76-4995-8143-B6F1E61F9F90}.Ad-Hoc|x64.ActiveCfg = Release|Any CPU
		{3B870F70-5D76-4995-8143-B6F1E61F9F90}.Ad-Hoc|x64.Build.0 = Release|Any CPU
		{3B870F70-5D76-4995-8143-B6F1E61F9F90}.Ad-Hoc|x64.Deploy.0 = Release|Any CPU
		{3B870F70-5D76-4995-8143-B6F1E61F9F90}.Ad-Hoc|x86.ActiveCfg = Release|Any CPU
		{3B870F70-5D76-4995-8143-B6F1E61F9F90}.Ad-Hoc|x86.Build.0 = Release|Any CPU
		{3B870F70-5D76-4995-8143-B6F1E61F9F90}.Ad-Hoc|x86.Deploy.0 = Release|Any CPU
		{3B870F70-5D76-4995-8143-B6F1E61F9F90}.AppStore|Any CPU.ActiveCfg = Release|Any CPU
		{3B870F70-5D76-4995-8143-B6F1E61F9F90}.AppStore|Any CPU.Build.0 = Release|Any CPU
		{3B870F70-5D76-4995-8143-B6F1E61F9F90}.AppStore|Any CPU.Deploy.0 = Release|Any CPU
		{3B870F70-5D76-4995-8143-B6F1E61F9F90}.AppStore|ARM.ActiveCfg = Release|Any CPU
		{3B870F70-5D76-4995-8143-B6F1E61F9F90}.AppStore|ARM.Build.0 = Release|Any CPU
		{3B870F70-5D76-4995-8143-B6F1E61F9F90}.AppStore|ARM.Deploy.0 = Release|Any CPU
		{3B870F70-5D76-4995-8143-B6F1E61F9F90}.AppStore|iPhone.ActiveCfg = Release|Any CPU
		{3B870F70-5D76-4995-8143-B6F1E61F9F90}.AppStore|iPhone.Build.0 = Release|Any CPU
		{3B870F70-5D76-4995-8143-B6F1E61F9F90}.AppStore|iPhone.Deploy.0 = Release|Any CPU
		{3B870F70-5D76-4995-8143-B6F1E61F9F90}.AppStore|iPhoneSimulator.ActiveCfg = Release|Any CPU
		{3B870F70-5D76-4995-8143-B6F1E61F9F90}.AppStore|iPhoneSimulator.Build.0 = Release|Any CPU
		{3B870F70-5D76-4995-8143-B6F1E61F9F90}.AppStore|iPhoneSimulator.Deploy.0 = Release|Any CPU
		{3B870F70-5D76-4995-8143-B6F1E61F9F90}.AppStore|x64.ActiveCfg = Release|Any CPU
		{3B870F70-5D76-4995-8143-B6F1E61F9F90}.AppStore|x64.Build.0 = Release|Any CPU
		{3B870F70-5D76-4995-8143-B6F1E61F9F90}.AppStore|x64.Deploy.0 = Release|Any CPU
		{3B870F70-5D76-4995-8143-B6F1E61F9F90}.AppStore|x86.ActiveCfg = Release|Any CPU
		{3B870F70-5D76-4995-8143-B6F1E61F9F90}.AppStore|x86.Build.0 = Release|Any CPU
		{3B870F70-5D76-4995-8143-B6F1E61F9F90}.AppStore|x86.Deploy.0 = Release|Any CPU
		{3B870F70-5D76-4995-8143-B6F1E61F9F90}.Debug|Any CPU.ActiveCfg = Debug|Any CPU
		{3B870F70-5D76-4995-8143-B6F1E61F9F90}.Debug|Any CPU.Build.0 = Debug|Any CPU
		{3B870F70-5D76-4995-8143-B6F1E61F9F90}.Debug|Any CPU.Deploy.0 = Debug|Any CPU
		{3B870F70-5D76-4995-8143-B6F1E61F9F90}.Debug|ARM.ActiveCfg = Debug|Any CPU
		{3B870F70-5D76-4995-8143-B6F1E61F9F90}.Debug|ARM.Build.0 = Debug|Any CPU
		{3B870F70-5D76-4995-8143-B6F1E61F9F90}.Debug|ARM.Deploy.0 = Debug|Any CPU
		{3B870F70-5D76-4995-8143-B6F1E61F9F90}.Debug|iPhone.ActiveCfg = Debug|Any CPU
		{3B870F70-5D76-4995-8143-B6F1E61F9F90}.Debug|iPhone.Build.0 = Debug|Any CPU
		{3B870F70-5D76-4995-8143-B6F1E61F9F90}.Debug|iPhone.Deploy.0 = Debug|Any CPU
		{3B870F70-5D76-4995-8143-B6F1E61F9F90}.Debug|iPhoneSimulator.ActiveCfg = Debug|Any CPU
		{3B870F70-5D76-4995-8143-B6F1E61F9F90}.Debug|iPhoneSimulator.Build.0 = Debug|Any CPU
		{3B870F70-5D76-4995-8143-B6F1E61F9F90}.Debug|iPhoneSimulator.Deploy.0 = Debug|Any CPU
		{3B870F70-5D76-4995-8143-B6F1E61F9F90}.Debug|x64.ActiveCfg = Debug|Any CPU
		{3B870F70-5D76-4995-8143-B6F1E61F9F90}.Debug|x64.Build.0 = Debug|Any CPU
		{3B870F70-5D76-4995-8143-B6F1E61F9F90}.Debug|x64.Deploy.0 = Debug|Any CPU
		{3B870F70-5D76-4995-8143-B6F1E61F9F90}.Debug|x86.ActiveCfg = Debug|Any CPU
		{3B870F70-5D76-4995-8143-B6F1E61F9F90}.Debug|x86.Build.0 = Debug|Any CPU
		{3B870F70-5D76-4995-8143-B6F1E61F9F90}.Debug|x86.Deploy.0 = Debug|Any CPU
		{3B870F70-5D76-4995-8143-B6F1E61F9F90}.Release|Any CPU.ActiveCfg = Release|Any CPU
		{3B870F70-5D76-4995-8143-B6F1E61F9F90}.Release|Any CPU.Build.0 = Release|Any CPU
		{3B870F70-5D76-4995-8143-B6F1E61F9F90}.Release|Any CPU.Deploy.0 = Release|Any CPU
		{3B870F70-5D76-4995-8143-B6F1E61F9F90}.Release|ARM.ActiveCfg = Release|Any CPU
		{3B870F70-5D76-4995-8143-B6F1E61F9F90}.Release|ARM.Build.0 = Release|Any CPU
		{3B870F70-5D76-4995-8143-B6F1E61F9F90}.Release|ARM.Deploy.0 = Release|Any CPU
		{3B870F70-5D76-4995-8143-B6F1E61F9F90}.Release|iPhone.ActiveCfg = Release|Any CPU
		{3B870F70-5D76-4995-8143-B6F1E61F9F90}.Release|iPhone.Build.0 = Release|Any CPU
		{3B870F70-5D76-4995-8143-B6F1E61F9F90}.Release|iPhone.Deploy.0 = Release|Any CPU
		{3B870F70-5D76-4995-8143-B6F1E61F9F90}.Release|iPhoneSimulator.ActiveCfg = Release|Any CPU
		{3B870F70-5D76-4995-8143-B6F1E61F9F90}.Release|iPhoneSimulator.Build.0 = Release|Any CPU
		{3B870F70-5D76-4995-8143-B6F1E61F9F90}.Release|iPhoneSimulator.Deploy.0 = Release|Any CPU
		{3B870F70-5D76-4995-8143-B6F1E61F9F90}.Release|x64.ActiveCfg = Release|Any CPU
		{3B870F70-5D76-4995-8143-B6F1E61F9F90}.Release|x64.Build.0 = Release|Any CPU
		{3B870F70-5D76-4995-8143-B6F1E61F9F90}.Release|x64.Deploy.0 = Release|Any CPU
		{3B870F70-5D76-4995-8143-B6F1E61F9F90}.Release|x86.ActiveCfg = Release|Any CPU
		{3B870F70-5D76-4995-8143-B6F1E61F9F90}.Release|x86.Build.0 = Release|Any CPU
		{3B870F70-5D76-4995-8143-B6F1E61F9F90}.Release|x86.Deploy.0 = Release|Any CPU
		{BB70AF32-914C-47A6-9D9D-328FD2F2B187}.Ad-Hoc|Any CPU.ActiveCfg = Ad-Hoc|iPhone
		{BB70AF32-914C-47A6-9D9D-328FD2F2B187}.Ad-Hoc|Any CPU.Build.0 = Ad-Hoc|iPhone
		{BB70AF32-914C-47A6-9D9D-328FD2F2B187}.Ad-Hoc|Any CPU.Deploy.0 = Ad-Hoc|iPhone
		{BB70AF32-914C-47A6-9D9D-328FD2F2B187}.Ad-Hoc|ARM.ActiveCfg = Ad-Hoc|iPhone
		{BB70AF32-914C-47A6-9D9D-328FD2F2B187}.Ad-Hoc|ARM.Build.0 = Ad-Hoc|iPhone
		{BB70AF32-914C-47A6-9D9D-328FD2F2B187}.Ad-Hoc|ARM.Deploy.0 = Ad-Hoc|iPhone
		{BB70AF32-914C-47A6-9D9D-328FD2F2B187}.Ad-Hoc|iPhone.ActiveCfg = Ad-Hoc|iPhone
		{BB70AF32-914C-47A6-9D9D-328FD2F2B187}.Ad-Hoc|iPhone.Build.0 = Ad-Hoc|iPhone
		{BB70AF32-914C-47A6-9D9D-328FD2F2B187}.Ad-Hoc|iPhone.Deploy.0 = Ad-Hoc|iPhone
		{BB70AF32-914C-47A6-9D9D-328FD2F2B187}.Ad-Hoc|iPhoneSimulator.ActiveCfg = Ad-Hoc|iPhoneSimulator
		{BB70AF32-914C-47A6-9D9D-328FD2F2B187}.Ad-Hoc|iPhoneSimulator.Build.0 = Ad-Hoc|iPhoneSimulator
		{BB70AF32-914C-47A6-9D9D-328FD2F2B187}.Ad-Hoc|iPhoneSimulator.Deploy.0 = Ad-Hoc|iPhoneSimulator
		{BB70AF32-914C-47A6-9D9D-328FD2F2B187}.Ad-Hoc|x64.ActiveCfg = Ad-Hoc|iPhone
		{BB70AF32-914C-47A6-9D9D-328FD2F2B187}.Ad-Hoc|x64.Build.0 = Ad-Hoc|iPhone
		{BB70AF32-914C-47A6-9D9D-328FD2F2B187}.Ad-Hoc|x64.Deploy.0 = Ad-Hoc|iPhone
		{BB70AF32-914C-47A6-9D9D-328FD2F2B187}.Ad-Hoc|x86.ActiveCfg = Ad-Hoc|iPhone
		{BB70AF32-914C-47A6-9D9D-328FD2F2B187}.Ad-Hoc|x86.Build.0 = Ad-Hoc|iPhone
		{BB70AF32-914C-47A6-9D9D-328FD2F2B187}.Ad-Hoc|x86.Deploy.0 = Ad-Hoc|iPhone
		{BB70AF32-914C-47A6-9D9D-328FD2F2B187}.AppStore|Any CPU.ActiveCfg = AppStore|iPhone
		{BB70AF32-914C-47A6-9D9D-328FD2F2B187}.AppStore|Any CPU.Build.0 = AppStore|iPhone
		{BB70AF32-914C-47A6-9D9D-328FD2F2B187}.AppStore|Any CPU.Deploy.0 = AppStore|iPhone
		{BB70AF32-914C-47A6-9D9D-328FD2F2B187}.AppStore|ARM.ActiveCfg = AppStore|iPhone
		{BB70AF32-914C-47A6-9D9D-328FD2F2B187}.AppStore|ARM.Build.0 = AppStore|iPhone
		{BB70AF32-914C-47A6-9D9D-328FD2F2B187}.AppStore|ARM.Deploy.0 = AppStore|iPhone
		{BB70AF32-914C-47A6-9D9D-328FD2F2B187}.AppStore|iPhone.ActiveCfg = AppStore|iPhone
		{BB70AF32-914C-47A6-9D9D-328FD2F2B187}.AppStore|iPhone.Build.0 = AppStore|iPhone
		{BB70AF32-914C-47A6-9D9D-328FD2F2B187}.AppStore|iPhone.Deploy.0 = AppStore|iPhone
		{BB70AF32-914C-47A6-9D9D-328FD2F2B187}.AppStore|iPhoneSimulator.ActiveCfg = AppStore|iPhoneSimulator
		{BB70AF32-914C-47A6-9D9D-328FD2F2B187}.AppStore|iPhoneSimulator.Build.0 = AppStore|iPhoneSimulator
		{BB70AF32-914C-47A6-9D9D-328FD2F2B187}.AppStore|iPhoneSimulator.Deploy.0 = AppStore|iPhoneSimulator
		{BB70AF32-914C-47A6-9D9D-328FD2F2B187}.AppStore|x64.ActiveCfg = AppStore|iPhone
		{BB70AF32-914C-47A6-9D9D-328FD2F2B187}.AppStore|x64.Build.0 = AppStore|iPhone
		{BB70AF32-914C-47A6-9D9D-328FD2F2B187}.AppStore|x64.Deploy.0 = AppStore|iPhone
		{BB70AF32-914C-47A6-9D9D-328FD2F2B187}.AppStore|x86.ActiveCfg = AppStore|iPhone
		{BB70AF32-914C-47A6-9D9D-328FD2F2B187}.AppStore|x86.Build.0 = AppStore|iPhone
		{BB70AF32-914C-47A6-9D9D-328FD2F2B187}.AppStore|x86.Deploy.0 = AppStore|iPhone
		{BB70AF32-914C-47A6-9D9D-328FD2F2B187}.Debug|Any CPU.ActiveCfg = Debug|iPhoneSimulator
		{BB70AF32-914C-47A6-9D9D-328FD2F2B187}.Debug|Any CPU.Build.0 = Debug|iPhoneSimulator
		{BB70AF32-914C-47A6-9D9D-328FD2F2B187}.Debug|Any CPU.Deploy.0 = Debug|iPhoneSimulator
		{BB70AF32-914C-47A6-9D9D-328FD2F2B187}.Debug|ARM.ActiveCfg = Debug|iPhone
		{BB70AF32-914C-47A6-9D9D-328FD2F2B187}.Debug|ARM.Build.0 = Debug|iPhone
		{BB70AF32-914C-47A6-9D9D-328FD2F2B187}.Debug|ARM.Deploy.0 = Debug|iPhone
		{BB70AF32-914C-47A6-9D9D-328FD2F2B187}.Debug|iPhone.ActiveCfg = Debug|iPhone
		{BB70AF32-914C-47A6-9D9D-328FD2F2B187}.Debug|iPhone.Build.0 = Debug|iPhone
		{BB70AF32-914C-47A6-9D9D-328FD2F2B187}.Debug|iPhone.Deploy.0 = Debug|iPhone
		{BB70AF32-914C-47A6-9D9D-328FD2F2B187}.Debug|iPhoneSimulator.ActiveCfg = Debug|iPhoneSimulator
		{BB70AF32-914C-47A6-9D9D-328FD2F2B187}.Debug|iPhoneSimulator.Build.0 = Debug|iPhoneSimulator
		{BB70AF32-914C-47A6-9D9D-328FD2F2B187}.Debug|iPhoneSimulator.Deploy.0 = Debug|iPhoneSimulator
		{BB70AF32-914C-47A6-9D9D-328FD2F2B187}.Debug|x64.ActiveCfg = Debug|iPhone
		{BB70AF32-914C-47A6-9D9D-328FD2F2B187}.Debug|x64.Build.0 = Debug|iPhone
		{BB70AF32-914C-47A6-9D9D-328FD2F2B187}.Debug|x64.Deploy.0 = Debug|iPhone
		{BB70AF32-914C-47A6-9D9D-328FD2F2B187}.Debug|x86.ActiveCfg = Debug|iPhone
		{BB70AF32-914C-47A6-9D9D-328FD2F2B187}.Debug|x86.Build.0 = Debug|iPhone
		{BB70AF32-914C-47A6-9D9D-328FD2F2B187}.Debug|x86.Deploy.0 = Debug|iPhone
		{BB70AF32-914C-47A6-9D9D-328FD2F2B187}.Release|Any CPU.ActiveCfg = Release|iPhone
		{BB70AF32-914C-47A6-9D9D-328FD2F2B187}.Release|Any CPU.Build.0 = Release|iPhone
		{BB70AF32-914C-47A6-9D9D-328FD2F2B187}.Release|Any CPU.Deploy.0 = Release|iPhone
		{BB70AF32-914C-47A6-9D9D-328FD2F2B187}.Release|ARM.ActiveCfg = Release|iPhone
		{BB70AF32-914C-47A6-9D9D-328FD2F2B187}.Release|ARM.Build.0 = Release|iPhone
		{BB70AF32-914C-47A6-9D9D-328FD2F2B187}.Release|ARM.Deploy.0 = Release|iPhone
		{BB70AF32-914C-47A6-9D9D-328FD2F2B187}.Release|iPhone.ActiveCfg = Release|iPhone
		{BB70AF32-914C-47A6-9D9D-328FD2F2B187}.Release|iPhone.Build.0 = Release|iPhone
		{BB70AF32-914C-47A6-9D9D-328FD2F2B187}.Release|iPhone.Deploy.0 = Release|iPhone
		{BB70AF32-914C-47A6-9D9D-328FD2F2B187}.Release|iPhoneSimulator.ActiveCfg = Release|iPhoneSimulator
		{BB70AF32-914C-47A6-9D9D-328FD2F2B187}.Release|iPhoneSimulator.Build.0 = Release|iPhoneSimulator
		{BB70AF32-914C-47A6-9D9D-328FD2F2B187}.Release|iPhoneSimulator.Deploy.0 = Release|iPhoneSimulator
		{BB70AF32-914C-47A6-9D9D-328FD2F2B187}.Release|x64.ActiveCfg = Release|iPhone
		{BB70AF32-914C-47A6-9D9D-328FD2F2B187}.Release|x64.Build.0 = Release|iPhone
		{BB70AF32-914C-47A6-9D9D-328FD2F2B187}.Release|x64.Deploy.0 = Release|iPhone
		{BB70AF32-914C-47A6-9D9D-328FD2F2B187}.Release|x86.ActiveCfg = Release|iPhone
		{BB70AF32-914C-47A6-9D9D-328FD2F2B187}.Release|x86.Build.0 = Release|iPhone
		{BB70AF32-914C-47A6-9D9D-328FD2F2B187}.Release|x86.Deploy.0 = Release|iPhone
		{829E8704-4BCD-437F-A6A6-7865C70DB4C4}.Ad-Hoc|Any CPU.ActiveCfg = Release|x86
		{829E8704-4BCD-437F-A6A6-7865C70DB4C4}.Ad-Hoc|Any CPU.Build.0 = Release|x86
		{829E8704-4BCD-437F-A6A6-7865C70DB4C4}.Ad-Hoc|Any CPU.Deploy.0 = Release|x86
		{829E8704-4BCD-437F-A6A6-7865C70DB4C4}.Ad-Hoc|ARM.ActiveCfg = Release|ARM
		{829E8704-4BCD-437F-A6A6-7865C70DB4C4}.Ad-Hoc|ARM.Build.0 = Release|ARM
		{829E8704-4BCD-437F-A6A6-7865C70DB4C4}.Ad-Hoc|ARM.Deploy.0 = Release|ARM
		{829E8704-4BCD-437F-A6A6-7865C70DB4C4}.Ad-Hoc|iPhone.ActiveCfg = Release|x86
		{829E8704-4BCD-437F-A6A6-7865C70DB4C4}.Ad-Hoc|iPhone.Build.0 = Release|x86
		{829E8704-4BCD-437F-A6A6-7865C70DB4C4}.Ad-Hoc|iPhone.Deploy.0 = Release|x86
		{829E8704-4BCD-437F-A6A6-7865C70DB4C4}.Ad-Hoc|iPhoneSimulator.ActiveCfg = Release|x86
		{829E8704-4BCD-437F-A6A6-7865C70DB4C4}.Ad-Hoc|iPhoneSimulator.Build.0 = Release|x86
		{829E8704-4BCD-437F-A6A6-7865C70DB4C4}.Ad-Hoc|iPhoneSimulator.Deploy.0 = Release|x86
		{829E8704-4BCD-437F-A6A6-7865C70DB4C4}.Ad-Hoc|x64.ActiveCfg = Release|x64
		{829E8704-4BCD-437F-A6A6-7865C70DB4C4}.Ad-Hoc|x64.Build.0 = Release|x64
		{829E8704-4BCD-437F-A6A6-7865C70DB4C4}.Ad-Hoc|x64.Deploy.0 = Release|x64
		{829E8704-4BCD-437F-A6A6-7865C70DB4C4}.Ad-Hoc|x86.ActiveCfg = Release|x86
		{829E8704-4BCD-437F-A6A6-7865C70DB4C4}.Ad-Hoc|x86.Build.0 = Release|x86
		{829E8704-4BCD-437F-A6A6-7865C70DB4C4}.Ad-Hoc|x86.Deploy.0 = Release|x86
		{829E8704-4BCD-437F-A6A6-7865C70DB4C4}.AppStore|Any CPU.ActiveCfg = Release|x86
		{829E8704-4BCD-437F-A6A6-7865C70DB4C4}.AppStore|Any CPU.Build.0 = Release|x86
		{829E8704-4BCD-437F-A6A6-7865C70DB4C4}.AppStore|Any CPU.Deploy.0 = Release|x86
		{829E8704-4BCD-437F-A6A6-7865C70DB4C4}.AppStore|ARM.ActiveCfg = Release|ARM
		{829E8704-4BCD-437F-A6A6-7865C70DB4C4}.AppStore|ARM.Build.0 = Release|ARM
		{829E8704-4BCD-437F-A6A6-7865C70DB4C4}.AppStore|ARM.Deploy.0 = Release|ARM
		{829E8704-4BCD-437F-A6A6-7865C70DB4C4}.AppStore|iPhone.ActiveCfg = Release|x86
		{829E8704-4BCD-437F-A6A6-7865C70DB4C4}.AppStore|iPhone.Build.0 = Release|x86
		{829E8704-4BCD-437F-A6A6-7865C70DB4C4}.AppStore|iPhone.Deploy.0 = Release|x86
		{829E8704-4BCD-437F-A6A6-7865C70DB4C4}.AppStore|iPhoneSimulator.ActiveCfg = Release|x86
		{829E8704-4BCD-437F-A6A6-7865C70DB4C4}.AppStore|iPhoneSimulator.Build.0 = Release|x86
		{829E8704-4BCD-437F-A6A6-7865C70DB4C4}.AppStore|iPhoneSimulator.Deploy.0 = Release|x86
		{829E8704-4BCD-437F-A6A6-7865C70DB4C4}.AppStore|x64.ActiveCfg = Release|x64
		{829E8704-4BCD-437F-A6A6-7865C70DB4C4}.AppStore|x64.Build.0 = Release|x64
		{829E8704-4BCD-437F-A6A6-7865C70DB4C4}.AppStore|x64.Deploy.0 = Release|x64
		{829E8704-4BCD-437F-A6A6-7865C70DB4C4}.AppStore|x86.ActiveCfg = Release|x86
		{829E8704-4BCD-437F-A6A6-7865C70DB4C4}.AppStore|x86.Build.0 = Release|x86
		{829E8704-4BCD-437F-A6A6-7865C70DB4C4}.AppStore|x86.Deploy.0 = Release|x86
		{829E8704-4BCD-437F-A6A6-7865C70DB4C4}.Debug|Any CPU.ActiveCfg = Debug|x86
		{829E8704-4BCD-437F-A6A6-7865C70DB4C4}.Debug|Any CPU.Build.0 = Debug|x86
		{829E8704-4BCD-437F-A6A6-7865C70DB4C4}.Debug|Any CPU.Deploy.0 = Debug|x86
		{829E8704-4BCD-437F-A6A6-7865C70DB4C4}.Debug|ARM.ActiveCfg = Debug|ARM
		{829E8704-4BCD-437F-A6A6-7865C70DB4C4}.Debug|ARM.Build.0 = Debug|ARM
		{829E8704-4BCD-437F-A6A6-7865C70DB4C4}.Debug|ARM.Deploy.0 = Debug|ARM
		{829E8704-4BCD-437F-A6A6-7865C70DB4C4}.Debug|iPhone.ActiveCfg = Debug|x86
		{829E8704-4BCD-437F-A6A6-7865C70DB4C4}.Debug|iPhone.Build.0 = Debug|x86
		{829E8704-4BCD-437F-A6A6-7865C70DB4C4}.Debug|iPhone.Deploy.0 = Debug|x86
		{829E8704-4BCD-437F-A6A6-7865C70DB4C4}.Debug|iPhoneSimulator.ActiveCfg = Debug|x86
		{829E8704-4BCD-437F-A6A6-7865C70DB4C4}.Debug|iPhoneSimulator.Build.0 = Debug|x86
		{829E8704-4BCD-437F-A6A6-7865C70DB4C4}.Debug|iPhoneSimulator.Deploy.0 = Debug|x86
		{829E8704-4BCD-437F-A6A6-7865C70DB4C4}.Debug|x64.ActiveCfg = Debug|x64
		{829E8704-4BCD-437F-A6A6-7865C70DB4C4}.Debug|x64.Build.0 = Debug|x64
		{829E8704-4BCD-437F-A6A6-7865C70DB4C4}.Debug|x64.Deploy.0 = Debug|x64
		{829E8704-4BCD-437F-A6A6-7865C70DB4C4}.Debug|x86.ActiveCfg = Debug|x86
		{829E8704-4BCD-437F-A6A6-7865C70DB4C4}.Debug|x86.Build.0 = Debug|x86
		{829E8704-4BCD-437F-A6A6-7865C70DB4C4}.Debug|x86.Deploy.0 = Debug|x86
		{829E8704-4BCD-437F-A6A6-7865C70DB4C4}.Release|Any CPU.ActiveCfg = Release|x86
		{829E8704-4BCD-437F-A6A6-7865C70DB4C4}.Release|Any CPU.Build.0 = Release|x86
		{829E8704-4BCD-437F-A6A6-7865C70DB4C4}.Release|Any CPU.Deploy.0 = Release|x86
		{829E8704-4BCD-437F-A6A6-7865C70DB4C4}.Release|ARM.ActiveCfg = Release|ARM
		{829E8704-4BCD-437F-A6A6-7865C70DB4C4}.Release|ARM.Build.0 = Release|ARM
		{829E8704-4BCD-437F-A6A6-7865C70DB4C4}.Release|ARM.Deploy.0 = Release|ARM
		{829E8704-4BCD-437F-A6A6-7865C70DB4C4}.Release|iPhone.ActiveCfg = Release|x86
		{829E8704-4BCD-437F-A6A6-7865C70DB4C4}.Release|iPhone.Build.0 = Release|x86
		{829E8704-4BCD-437F-A6A6-7865C70DB4C4}.Release|iPhone.Deploy.0 = Release|x86
		{829E8704-4BCD-437F-A6A6-7865C70DB4C4}.Release|iPhoneSimulator.ActiveCfg = Release|x86
		{829E8704-4BCD-437F-A6A6-7865C70DB4C4}.Release|iPhoneSimulator.Build.0 = Release|x86
		{829E8704-4BCD-437F-A6A6-7865C70DB4C4}.Release|iPhoneSimulator.Deploy.0 = Release|x86
		{829E8704-4BCD-437F-A6A6-7865C70DB4C4}.Release|x64.ActiveCfg = Release|x64
		{829E8704-4BCD-437F-A6A6-7865C70DB4C4}.Release|x64.Build.0 = Release|x64
		{829E8704-4BCD-437F-A6A6-7865C70DB4C4}.Release|x64.Deploy.0 = Release|x64
		{829E8704-4BCD-437F-A6A6-7865C70DB4C4}.Release|x86.ActiveCfg = Release|x86
		{829E8704-4BCD-437F-A6A6-7865C70DB4C4}.Release|x86.Build.0 = Release|x86
		{829E8704-4BCD-437F-A6A6-7865C70DB4C4}.Release|x86.Deploy.0 = Release|x86
		{CC4C9FC6-D358-4461-A469-566EFF17017D}.Ad-Hoc|Any CPU.ActiveCfg = Debug|Any CPU
		{CC4C9FC6-D358-4461-A469-566EFF17017D}.Ad-Hoc|Any CPU.Build.0 = Debug|Any CPU
		{CC4C9FC6-D358-4461-A469-566EFF17017D}.Ad-Hoc|Any CPU.Deploy.0 = Debug|Any CPU
		{CC4C9FC6-D358-4461-A469-566EFF17017D}.Ad-Hoc|ARM.ActiveCfg = Debug|Any CPU
		{CC4C9FC6-D358-4461-A469-566EFF17017D}.Ad-Hoc|ARM.Build.0 = Debug|Any CPU
		{CC4C9FC6-D358-4461-A469-566EFF17017D}.Ad-Hoc|ARM.Deploy.0 = Debug|Any CPU
		{CC4C9FC6-D358-4461-A469-566EFF17017D}.Ad-Hoc|iPhone.ActiveCfg = Debug|Any CPU
		{CC4C9FC6-D358-4461-A469-566EFF17017D}.Ad-Hoc|iPhone.Build.0 = Debug|Any CPU
		{CC4C9FC6-D358-4461-A469-566EFF17017D}.Ad-Hoc|iPhone.Deploy.0 = Debug|Any CPU
		{CC4C9FC6-D358-4461-A469-566EFF17017D}.Ad-Hoc|iPhoneSimulator.ActiveCfg = Debug|Any CPU
		{CC4C9FC6-D358-4461-A469-566EFF17017D}.Ad-Hoc|iPhoneSimulator.Build.0 = Debug|Any CPU
		{CC4C9FC6-D358-4461-A469-566EFF17017D}.Ad-Hoc|iPhoneSimulator.Deploy.0 = Debug|Any CPU
		{CC4C9FC6-D358-4461-A469-566EFF17017D}.Ad-Hoc|x64.ActiveCfg = Debug|Any CPU
		{CC4C9FC6-D358-4461-A469-566EFF17017D}.Ad-Hoc|x64.Build.0 = Debug|Any CPU
		{CC4C9FC6-D358-4461-A469-566EFF17017D}.Ad-Hoc|x64.Deploy.0 = Debug|Any CPU
		{CC4C9FC6-D358-4461-A469-566EFF17017D}.Ad-Hoc|x86.ActiveCfg = Debug|Any CPU
		{CC4C9FC6-D358-4461-A469-566EFF17017D}.Ad-Hoc|x86.Build.0 = Debug|Any CPU
		{CC4C9FC6-D358-4461-A469-566EFF17017D}.Ad-Hoc|x86.Deploy.0 = Debug|Any CPU
		{CC4C9FC6-D358-4461-A469-566EFF17017D}.AppStore|Any CPU.ActiveCfg = Debug|Any CPU
		{CC4C9FC6-D358-4461-A469-566EFF17017D}.AppStore|Any CPU.Build.0 = Debug|Any CPU
		{CC4C9FC6-D358-4461-A469-566EFF17017D}.AppStore|Any CPU.Deploy.0 = Debug|Any CPU
		{CC4C9FC6-D358-4461-A469-566EFF17017D}.AppStore|ARM.ActiveCfg = Debug|Any CPU
		{CC4C9FC6-D358-4461-A469-566EFF17017D}.AppStore|ARM.Build.0 = Debug|Any CPU
		{CC4C9FC6-D358-4461-A469-566EFF17017D}.AppStore|ARM.Deploy.0 = Debug|Any CPU
		{CC4C9FC6-D358-4461-A469-566EFF17017D}.AppStore|iPhone.ActiveCfg = Debug|Any CPU
		{CC4C9FC6-D358-4461-A469-566EFF17017D}.AppStore|iPhone.Build.0 = Debug|Any CPU
		{CC4C9FC6-D358-4461-A469-566EFF17017D}.AppStore|iPhone.Deploy.0 = Debug|Any CPU
		{CC4C9FC6-D358-4461-A469-566EFF17017D}.AppStore|iPhoneSimulator.ActiveCfg = Debug|Any CPU
		{CC4C9FC6-D358-4461-A469-566EFF17017D}.AppStore|iPhoneSimulator.Build.0 = Debug|Any CPU
		{CC4C9FC6-D358-4461-A469-566EFF17017D}.AppStore|iPhoneSimulator.Deploy.0 = Debug|Any CPU
		{CC4C9FC6-D358-4461-A469-566EFF17017D}.AppStore|x64.ActiveCfg = Debug|Any CPU
		{CC4C9FC6-D358-4461-A469-566EFF17017D}.AppStore|x64.Build.0 = Debug|Any CPU
		{CC4C9FC6-D358-4461-A469-566EFF17017D}.AppStore|x64.Deploy.0 = Debug|Any CPU
		{CC4C9FC6-D358-4461-A469-566EFF17017D}.AppStore|x86.ActiveCfg = Debug|Any CPU
		{CC4C9FC6-D358-4461-A469-566EFF17017D}.AppStore|x86.Build.0 = Debug|Any CPU
		{CC4C9FC6-D358-4461-A469-566EFF17017D}.AppStore|x86.Deploy.0 = Debug|Any CPU
		{CC4C9FC6-D358-4461-A469-566EFF17017D}.Debug|Any CPU.ActiveCfg = Debug|Any CPU
		{CC4C9FC6-D358-4461-A469-566EFF17017D}.Debug|Any CPU.Build.0 = Debug|Any CPU
		{CC4C9FC6-D358-4461-A469-566EFF17017D}.Debug|Any CPU.Deploy.0 = Debug|Any CPU
		{CC4C9FC6-D358-4461-A469-566EFF17017D}.Debug|ARM.ActiveCfg = Debug|Any CPU
		{CC4C9FC6-D358-4461-A469-566EFF17017D}.Debug|ARM.Build.0 = Debug|Any CPU
		{CC4C9FC6-D358-4461-A469-566EFF17017D}.Debug|ARM.Deploy.0 = Debug|Any CPU
		{CC4C9FC6-D358-4461-A469-566EFF17017D}.Debug|iPhone.ActiveCfg = Debug|Any CPU
		{CC4C9FC6-D358-4461-A469-566EFF17017D}.Debug|iPhone.Build.0 = Debug|Any CPU
		{CC4C9FC6-D358-4461-A469-566EFF17017D}.Debug|iPhone.Deploy.0 = Debug|Any CPU
		{CC4C9FC6-D358-4461-A469-566EFF17017D}.Debug|iPhoneSimulator.ActiveCfg = Debug|Any CPU
		{CC4C9FC6-D358-4461-A469-566EFF17017D}.Debug|iPhoneSimulator.Build.0 = Debug|Any CPU
		{CC4C9FC6-D358-4461-A469-566EFF17017D}.Debug|iPhoneSimulator.Deploy.0 = Debug|Any CPU
		{CC4C9FC6-D358-4461-A469-566EFF17017D}.Debug|x64.ActiveCfg = Debug|Any CPU
		{CC4C9FC6-D358-4461-A469-566EFF17017D}.Debug|x64.Build.0 = Debug|Any CPU
		{CC4C9FC6-D358-4461-A469-566EFF17017D}.Debug|x64.Deploy.0 = Debug|Any CPU
		{CC4C9FC6-D358-4461-A469-566EFF17017D}.Debug|x86.ActiveCfg = Debug|Any CPU
		{CC4C9FC6-D358-4461-A469-566EFF17017D}.Debug|x86.Build.0 = Debug|Any CPU
		{CC4C9FC6-D358-4461-A469-566EFF17017D}.Debug|x86.Deploy.0 = Debug|Any CPU
		{CC4C9FC6-D358-4461-A469-566EFF17017D}.Release|Any CPU.ActiveCfg = Release|Any CPU
		{CC4C9FC6-D358-4461-A469-566EFF17017D}.Release|Any CPU.Build.0 = Release|Any CPU
		{CC4C9FC6-D358-4461-A469-566EFF17017D}.Release|Any CPU.Deploy.0 = Release|Any CPU
		{CC4C9FC6-D358-4461-A469-566EFF17017D}.Release|ARM.ActiveCfg = Release|Any CPU
		{CC4C9FC6-D358-4461-A469-566EFF17017D}.Release|ARM.Build.0 = Release|Any CPU
		{CC4C9FC6-D358-4461-A469-566EFF17017D}.Release|ARM.Deploy.0 = Release|Any CPU
		{CC4C9FC6-D358-4461-A469-566EFF17017D}.Release|iPhone.ActiveCfg = Release|Any CPU
		{CC4C9FC6-D358-4461-A469-566EFF17017D}.Release|iPhone.Build.0 = Release|Any CPU
		{CC4C9FC6-D358-4461-A469-566EFF17017D}.Release|iPhone.Deploy.0 = Release|Any CPU
		{CC4C9FC6-D358-4461-A469-566EFF17017D}.Release|iPhoneSimulator.ActiveCfg = Release|Any CPU
		{CC4C9FC6-D358-4461-A469-566EFF17017D}.Release|iPhoneSimulator.Build.0 = Release|Any CPU
		{CC4C9FC6-D358-4461-A469-566EFF17017D}.Release|iPhoneSimulator.Deploy.0 = Release|Any CPU
		{CC4C9FC6-D358-4461-A469-566EFF17017D}.Release|x64.ActiveCfg = Release|Any CPU
		{CC4C9FC6-D358-4461-A469-566EFF17017D}.Release|x64.Build.0 = Release|Any CPU
		{CC4C9FC6-D358-4461-A469-566EFF17017D}.Release|x64.Deploy.0 = Release|Any CPU
		{CC4C9FC6-D358-4461-A469-566EFF17017D}.Release|x86.ActiveCfg = Release|Any CPU
		{CC4C9FC6-D358-4461-A469-566EFF17017D}.Release|x86.Build.0 = Release|Any CPU
		{CC4C9FC6-D358-4461-A469-566EFF17017D}.Release|x86.Deploy.0 = Release|Any CPU
	EndGlobalSection
	GlobalSection(SolutionProperties) = preSolution
		HideSolutionNode = FALSE
	EndGlobalSection
	GlobalSection(ExtensibilityGlobals) = postSolution
		SolutionGuid = {5E163692-432A-48CF-9997-66B09829FF9E}
	EndGlobalSection
EndGlobal
